// !$*UTF8*$!
{
	archiveVersion = 1;
	classes = {
	};
	objectVersion = 46;
	objects = {

/* Begin PBXBuildFile section */
		3FEA4A411CABA57800689893 /* main.m in Sources */ = {isa = PBXBuildFile; fileRef = 3FEA4A401CABA57800689893 /* main.m */; };
		3FEA4A441CABA57800689893 /* AppDelegate.m in Sources */ = {isa = PBXBuildFile; fileRef = 3FEA4A431CABA57800689893 /* AppDelegate.m */; };
		3FEA4A471CABA57900689893 /* ViewController.m in Sources */ = {isa = PBXBuildFile; fileRef = 3FEA4A461CABA57900689893 /* ViewController.m */; };
		3FEA4A4A1CABA57900689893 /* Main.storyboard in Resources */ = {isa = PBXBuildFile; fileRef = 3FEA4A481CABA57900689893 /* Main.storyboard */; };
		3FEA4A4D1CABA57900689893 /* ContactBook.xcdatamodeld in Sources */ = {isa = PBXBuildFile; fileRef = 3FEA4A4B1CABA57900689893 /* ContactBook.xcdatamodeld */; };
		3FEA4A4F1CABA57900689893 /* Assets.xcassets in Resources */ = {isa = PBXBuildFile; fileRef = 3FEA4A4E1CABA57900689893 /* Assets.xcassets */; };
		3FEA4A521CABA57900689893 /* LaunchScreen.storyboard in Resources */ = {isa = PBXBuildFile; fileRef = 3FEA4A501CABA57900689893 /* LaunchScreen.storyboard */; };
		3FEA4A5C1CABA8EE00689893 /* ContactKit.m in Sources */ = {isa = PBXBuildFile; fileRef = 3FEA4A5B1CABA8EE00689893 /* ContactKit.m */; };
		3FEA4A5F1CABB55500689893 /* ContactDetailViewController.m in Sources */ = {isa = PBXBuildFile; fileRef = 3FEA4A5E1CABB55500689893 /* ContactDetailViewController.m */; };
		3FEA4A621CABBD1900689893 /* ContactImageView.m in Sources */ = {isa = PBXBuildFile; fileRef = 3FEA4A611CABBD1900689893 /* ContactImageView.m */; };
		3FEA4A641CAC462C00689893 /* MessageUI.framework in Frameworks */ = {isa = PBXBuildFile; fileRef = 3FEA4A631CAC462C00689893 /* MessageUI.framework */; };
/* End PBXBuildFile section */

/* Begin PBXFileReference section */
		3FEA4A3C1CABA57800689893 /* ContactBook.app */ = {isa = PBXFileReference; explicitFileType = wrapper.application; includeInIndex = 0; path = ContactBook.app; sourceTree = BUILT_PRODUCTS_DIR; };
		3FEA4A401CABA57800689893 /* main.m */ = {isa = PBXFileReference; lastKnownFileType = sourcecode.c.objc; lineEnding = 0; path = main.m; sourceTree = "<group>"; xcLanguageSpecificationIdentifier = xcode.lang.objc; };
		3FEA4A421CABA57800689893 /* AppDelegate.h */ = {isa = PBXFileReference; lastKnownFileType = sourcecode.c.h; lineEnding = 0; path = AppDelegate.h; sourceTree = "<group>"; xcLanguageSpecificationIdentifier = xcode.lang.objcpp; };
		3FEA4A431CABA57800689893 /* AppDelegate.m */ = {isa = PBXFileReference; lastKnownFileType = sourcecode.c.objc; lineEnding = 0; path = AppDelegate.m; sourceTree = "<group>"; xcLanguageSpecificationIdentifier = xcode.lang.objc; };
		3FEA4A451CABA57900689893 /* ViewController.h */ = {isa = PBXFileReference; lastKnownFileType = sourcecode.c.h; lineEnding = 0; path = ViewController.h; sourceTree = "<group>"; xcLanguageSpecificationIdentifier = xcode.lang.objcpp; };
		3FEA4A461CABA57900689893 /* ViewController.m */ = {isa = PBXFileReference; lastKnownFileType = sourcecode.c.objc; lineEnding = 0; path = ViewController.m; sourceTree = "<group>"; xcLanguageSpecificationIdentifier = xcode.lang.objc; };
		3FEA4A491CABA57900689893 /* Base */ = {isa = PBXFileReference; lastKnownFileType = file.storyboard; name = Base; path = Base.lproj/Main.storyboard; sourceTree = "<group>"; };
		3FEA4A4C1CABA57900689893 /* ContactBook.xcdatamodel */ = {isa = PBXFileReference; lastKnownFileType = wrapper.xcdatamodel; path = ContactBook.xcdatamodel; sourceTree = "<group>"; };
		3FEA4A4E1CABA57900689893 /* Assets.xcassets */ = {isa = PBXFileReference; lastKnownFileType = folder.assetcatalog; path = Assets.xcassets; sourceTree = "<group>"; };
		3FEA4A511CABA57900689893 /* Base */ = {isa = PBXFileReference; lastKnownFileType = file.storyboard; name = Base; path = Base.lproj/LaunchScreen.storyboard; sourceTree = "<group>"; };
		3FEA4A531CABA57900689893 /* Info.plist */ = {isa = PBXFileReference; lastKnownFileType = text.plist.xml; path = Info.plist; sourceTree = "<group>"; };
		3FEA4A5A1CABA8EE00689893 /* ContactKit.h */ = {isa = PBXFileReference; fileEncoding = 4; lastKnownFileType = sourcecode.c.h; lineEnding = 0; name = ContactKit.h; path = Helpers/ContactKit.h; sourceTree = "<group>"; xcLanguageSpecificationIdentifier = xcode.lang.objcpp; };
		3FEA4A5B1CABA8EE00689893 /* ContactKit.m */ = {isa = PBXFileReference; fileEncoding = 4; lastKnownFileType = sourcecode.c.objc; lineEnding = 0; name = ContactKit.m; path = Helpers/ContactKit.m; sourceTree = "<group>"; xcLanguageSpecificationIdentifier = xcode.lang.objc; };
		3FEA4A5D1CABB55500689893 /* ContactDetailViewController.h */ = {isa = PBXFileReference; fileEncoding = 4; lastKnownFileType = sourcecode.c.h; lineEnding = 0; path = ContactDetailViewController.h; sourceTree = "<group>"; xcLanguageSpecificationIdentifier = xcode.lang.objcpp; };
		3FEA4A5E1CABB55500689893 /* ContactDetailViewController.m */ = {isa = PBXFileReference; fileEncoding = 4; lastKnownFileType = sourcecode.c.objc; lineEnding = 0; path = ContactDetailViewController.m; sourceTree = "<group>"; xcLanguageSpecificationIdentifier = xcode.lang.objc; };
		3FEA4A601CABBD1900689893 /* ContactImageView.h */ = {isa = PBXFileReference; fileEncoding = 4; lastKnownFileType = sourcecode.c.h; lineEnding = 0; path = ContactImageView.h; sourceTree = "<group>"; xcLanguageSpecificationIdentifier = xcode.lang.objcpp; };
		3FEA4A611CABBD1900689893 /* ContactImageView.m */ = {isa = PBXFileReference; fileEncoding = 4; lastKnownFileType = sourcecode.c.objc; lineEnding = 0; path = ContactImageView.m; sourceTree = "<group>"; xcLanguageSpecificationIdentifier = xcode.lang.objc; };
		3FEA4A631CAC462C00689893 /* MessageUI.framework */ = {isa = PBXFileReference; lastKnownFileType = wrapper.framework; name = MessageUI.framework; path = System/Library/Frameworks/MessageUI.framework; sourceTree = SDKROOT; };
/* End PBXFileReference section */

/* Begin PBXFrameworksBuildPhase section */
		3FEA4A391CABA57800689893 /* Frameworks */ = {
			isa = PBXFrameworksBuildPhase;
			buildActionMask = 2147483647;
			files = (
				3FEA4A641CAC462C00689893 /* MessageUI.framework in Frameworks */,
			);
			runOnlyForDeploymentPostprocessing = 0;
		};
/* End PBXFrameworksBuildPhase section */

/* Begin PBXGroup section */
		3FEA4A331CABA57800689893 = {
			isa = PBXGroup;
			children = (
				3FEA4A631CAC462C00689893 /* MessageUI.framework */,
				3FEA4A3E1CABA57800689893 /* ContactBook */,
				3FEA4A3D1CABA57800689893 /* Products */,
			);
			sourceTree = "<group>";
		};
		3FEA4A3D1CABA57800689893 /* Products */ = {
			isa = PBXGroup;
			children = (
				3FEA4A3C1CABA57800689893 /* ContactBook.app */,
			);
			name = Products;
			sourceTree = "<group>";
		};
		3FEA4A3E1CABA57800689893 /* ContactBook */ = {
			isa = PBXGroup;
			children = (
				3FEA4A591CABA8AF00689893 /* Helpers */,
				3FEA4A421CABA57800689893 /* AppDelegate.h */,
				3FEA4A431CABA57800689893 /* AppDelegate.m */,
				3FEA4A451CABA57900689893 /* ViewController.h */,
				3FEA4A461CABA57900689893 /* ViewController.m */,
				3FEA4A5D1CABB55500689893 /* ContactDetailViewController.h */,
				3FEA4A5E1CABB55500689893 /* ContactDetailViewController.m */,
				3FEA4A481CABA57900689893 /* Main.storyboard */,
				3FEA4A4E1CABA57900689893 /* Assets.xcassets */,
				3FEA4A501CABA57900689893 /* LaunchScreen.storyboard */,
				3FEA4A531CABA57900689893 /* Info.plist */,
				3FEA4A4B1CABA57900689893 /* ContactBook.xcdatamodeld */,
				3FEA4A3F1CABA57800689893 /* Supporting Files */,
				3FEA4A601CABBD1900689893 /* ContactImageView.h */,
				3FEA4A611CABBD1900689893 /* ContactImageView.m */,
			);
			path = ContactBook;
			sourceTree = "<group>";
		};
		3FEA4A3F1CABA57800689893 /* Supporting Files */ = {
			isa = PBXGroup;
			children = (
				3FEA4A401CABA57800689893 /* main.m */,
			);
			name = "Supporting Files";
			sourceTree = "<group>";
		};
		3FEA4A591CABA8AF00689893 /* Helpers */ = {
			isa = PBXGroup;
			children = (
				3FEA4A5A1CABA8EE00689893 /* ContactKit.h */,
				3FEA4A5B1CABA8EE00689893 /* ContactKit.m */,
			);
			name = Helpers;
			sourceTree = "<group>";
		};
/* End PBXGroup section */

/* Begin PBXNativeTarget section */
		3FEA4A3B1CABA57800689893 /* ContactBook */ = {
			isa = PBXNativeTarget;
			buildConfigurationList = 3FEA4A561CABA57900689893 /* Build configuration list for PBXNativeTarget "ContactBook" */;
			buildPhases = (
				3FEA4A381CABA57800689893 /* Sources */,
				3FEA4A391CABA57800689893 /* Frameworks */,
				3FEA4A3A1CABA57800689893 /* Resources */,
			);
			buildRules = (
			);
			dependencies = (
			);
			name = ContactBook;
			productName = ContactBook;
			productReference = 3FEA4A3C1CABA57800689893 /* ContactBook.app */;
			productType = "com.apple.product-type.application";
		};
/* End PBXNativeTarget section */

/* Begin PBXProject section */
		3FEA4A341CABA57800689893 /* Project object */ = {
			isa = PBXProject;
			attributes = {
				LastUpgradeCheck = 0720;
				ORGANIZATIONNAME = Pefin;
				TargetAttributes = {
					3FEA4A3B1CABA57800689893 = {
						CreatedOnToolsVersion = 7.2;
					};
				};
			};
			buildConfigurationList = 3FEA4A371CABA57800689893 /* Build configuration list for PBXProject "ContactBook" */;
			compatibilityVersion = "Xcode 3.2";
			developmentRegion = English;
			hasScannedForEncodings = 0;
			knownRegions = (
				en,
				Base,
			);
			mainGroup = 3FEA4A331CABA57800689893;
			productRefGroup = 3FEA4A3D1CABA57800689893 /* Products */;
			projectDirPath = "";
			projectRoot = "";
			targets = (
				3FEA4A3B1CABA57800689893 /* ContactBook */,
			);
		};
/* End PBXProject section */

/* Begin PBXResourcesBuildPhase section */
		3FEA4A3A1CABA57800689893 /* Resources */ = {
			isa = PBXResourcesBuildPhase;
			buildActionMask = 2147483647;
			files = (
				3FEA4A521CABA57900689893 /* LaunchScreen.storyboard in Resources */,
				3FEA4A4F1CABA57900689893 /* Assets.xcassets in Resources */,
				3FEA4A4A1CABA57900689893 /* Main.storyboard in Resources */,
			);
			runOnlyForDeploymentPostprocessing = 0;
		};
/* End PBXResourcesBuildPhase section */

/* Begin PBXSourcesBuildPhase section */
		3FEA4A381CABA57800689893 /* Sources */ = {
			isa = PBXSourcesBuildPhase;
			buildActionMask = 2147483647;
			files = (
				3FEA4A5F1CABB55500689893 /* ContactDetailViewController.m in Sources */,
				3FEA4A621CABBD1900689893 /* ContactImageView.m in Sources */,
				3FEA4A471CABA57900689893 /* ViewController.m in Sources */,
				3FEA4A5C1CABA8EE00689893 /* ContactKit.m in Sources */,
				3FEA4A441CABA57800689893 /* AppDelegate.m in Sources */,
				3FEA4A411CABA57800689893 /* main.m in Sources */,
				3FEA4A4D1CABA57900689893 /* ContactBook.xcdatamodeld in Sources */,
			);
			runOnlyForDeploymentPostprocessing = 0;
		};
/* End PBXSourcesBuildPhase section */

/* Begin PBXVariantGroup section */
		3FEA4A481CABA57900689893 /* Main.storyboard */ = {
			isa = PBXVariantGroup;
			children = (
				3FEA4A491CABA57900689893 /* Base */,
			);
			name = Main.storyboard;
			sourceTree = "<group>";
		};
		3FEA4A501CABA57900689893 /* LaunchScreen.storyboard */ = {
			isa = PBXVariantGroup;
			children = (
				3FEA4A511CABA57900689893 /* Base */,
			);
			name = LaunchScreen.storyboard;
			sourceTree = "<group>";
		};
/* End PBXVariantGroup section */

/* Begin XCBuildConfiguration section */
		3FEA4A541CABA57900689893 /* Debug */ = {
			isa = XCBuildConfiguration;
			buildSettings = {
				ALWAYS_SEARCH_USER_PATHS = NO;
				CLANG_CXX_LANGUAGE_STANDARD = "gnu++0x";
				CLANG_CXX_LIBRARY = "libc++";
				CLANG_ENABLE_MODULES = YES;
				CLANG_ENABLE_OBJC_ARC = YES;
				CLANG_WARN_BOOL_CONVERSION = YES;
				CLANG_WARN_CONSTANT_CONVERSION = YES;
				CLANG_WARN_DIRECT_OBJC_ISA_USAGE = YES_ERROR;
				CLANG_WARN_EMPTY_BODY = YES;
				CLANG_WARN_ENUM_CONVERSION = YES;
				CLANG_WARN_INT_CONVERSION = YES;
				CLANG_WARN_OBJC_ROOT_CLASS = YES_ERROR;
				CLANG_WARN_UNREACHABLE_CODE = YES;
				CLANG_WARN__DUPLICATE_METHOD_MATCH = YES;
				"CODE_SIGN_IDENTITY[sdk=iphoneos*]" = "iPhone Developer";
				COPY_PHASE_STRIP = NO;
				DEBUG_INFORMATION_FORMAT = dwarf;
				ENABLE_STRICT_OBJC_MSGSEND = YES;
				ENABLE_TESTABILITY = YES;
				GCC_C_LANGUAGE_STANDARD = gnu99;
				GCC_DYNAMIC_NO_PIC = NO;
				GCC_NO_COMMON_BLOCKS = YES;
				GCC_OPTIMIZATION_LEVEL = 0;
				GCC_PREPROCESSOR_DEFINITIONS = (
					"DEBUG=1",
					"$(inherited)",
				);
				GCC_WARN_64_TO_32_BIT_CONVERSION = YES;
				GCC_WARN_ABOUT_RETURN_TYPE = YES_ERROR;
				GCC_WARN_UNDECLARED_SELECTOR = YES;
				GCC_WARN_UNINITIALIZED_AUTOS = YES_AGGRESSIVE;
				GCC_WARN_UNUSED_FUNCTION = YES;
				GCC_WARN_UNUSED_VARIABLE = YES;
				IPHONEOS_DEPLOYMENT_TARGET = 9.2;
				MTL_ENABLE_DEBUG_INFO = YES;
				ONLY_ACTIVE_ARCH = YES;
				SDKROOT = iphoneos;
			};
			name = Debug;
		};
		3FEA4A551CABA57900689893 /* Release */ = {
			isa = XCBuildConfiguration;
			buildSettings = {
				ALWAYS_SEARCH_USER_PATHS = NO;
				CLANG_CXX_LANGUAGE_STANDARD = "gnu++0x";
				CLANG_CXX_LIBRARY = "libc++";
				CLANG_ENABLE_MODULES = YES;
				CLANG_ENABLE_OBJC_ARC = YES;
				CLANG_WARN_BOOL_CONVERSION = YES;
				CLANG_WARN_CONSTANT_CONVERSION = YES;
				CLANG_WARN_DIRECT_OBJC_ISA_USAGE = YES_ERROR;
				CLANG_WARN_EMPTY_BODY = YES;
				CLANG_WARN_ENUM_CONVERSION = YES;
				CLANG_WARN_INT_CONVERSION = YES;
				CLANG_WARN_OBJC_ROOT_CLASS = YES_ERROR;
				CLANG_WARN_UNREACHABLE_CODE = YES;
				CLANG_WARN__DUPLICATE_METHOD_MATCH = YES;
				"CODE_SIGN_IDENTITY[sdk=iphoneos*]" = "iPhone Developer";
				COPY_PHASE_STRIP = NO;
				DEBUG_INFORMATION_FORMAT = "dwarf-with-dsym";
				ENABLE_NS_ASSERTIONS = NO;
				ENABLE_STRICT_OBJC_MSGSEND = YES;
				GCC_C_LANGUAGE_STANDARD = gnu99;
				GCC_NO_COMMON_BLOCKS = YES;
				GCC_WARN_64_TO_32_BIT_CONVERSION = YES;
				GCC_WARN_ABOUT_RETURN_TYPE = YES_ERROR;
				GCC_WARN_UNDECLARED_SELECTOR = YES;
				GCC_WARN_UNINITIALIZED_AUTOS = YES_AGGRESSIVE;
				GCC_WARN_UNUSED_FUNCTION = YES;
				GCC_WARN_UNUSED_VARIABLE = YES;
				IPHONEOS_DEPLOYMENT_TARGET = 9.2;
				MTL_ENABLE_DEBUG_INFO = NO;
				SDKROOT = iphoneos;
				VALIDATE_PRODUCT = YES;
			};
			name = Release;
		};
		3FEA4A571CABA57900689893 /* Debug */ = {
			isa = XCBuildConfiguration;
			buildSettings = {
				ASSETCATALOG_COMPILER_APPICON_NAME = AppIcon;
				INFOPLIST_FILE = ContactBook/Info.plist;
				IPHONEOS_DEPLOYMENT_TARGET = 9.0;
				LD_RUNPATH_SEARCH_PATHS = "$(inherited) @executable_path/Frameworks";
				PRODUCT_BUNDLE_IDENTIFIER = com.Pefin.ContactBook;
				PRODUCT_NAME = "$(TARGET_NAME)";
			};
			name = Debug;
		};
		3FEA4A581CABA57900689893 /* Release */ = {
			isa = XCBuildConfiguration;
			buildSettings = {
				ASSETCATALOG_COMPILER_APPICON_NAME = AppIcon;
				INFOPLIST_FILE = ContactBook/Info.plist;
				IPHONEOS_DEPLOYMENT_TARGET = 9.0;
				LD_RUNPATH_SEARCH_PATHS = "$(inherited) @executable_path/Frameworks";
				PRODUCT_BUNDLE_IDENTIFIER = com.Pefin.ContactBook;
				PRODUCT_NAME = "$(TARGET_NAME)";
			};
			name = Release;
		};
/* End XCBuildConfiguration section */

/* Begin XCConfigurationList section */
		3FEA4A371CABA57800689893 /* Build configuration list for PBXProject "ContactBook" */ = {
			isa = XCConfigurationList;
			buildConfigurations = (
				3FEA4A541CABA57900689893 /* Debug */,
				3FEA4A551CABA57900689893 /* Release */,
			);
			defaultConfigurationIsVisible = 0;
			defaultConfigurationName = Release;
		};
		3FEA4A561CABA57900689893 /* Build configuration list for PBXNativeTarget "ContactBook" */ = {
			isa = XCConfigurationList;
			buildConfigurations = (
				3FEA4A571CABA57900689893 /* Debug */,
				3FEA4A581CABA57900689893 /* Release */,
			);
			defaultConfigurationIsVisible = 0;
		};
/* End XCConfigurationList section */

/* Begin XCVersionGroup section */
		3FEA4A4B1CABA57900689893 /* ContactBook.xcdatamodeld */ = {
			isa = XCVersionGroup;
			children = (
				3FEA4A4C1CABA57900689893 /* ContactBook.xcdatamodel */,
			);
			currentVersion = 3FEA4A4C1CABA57900689893 /* ContactBook.xcdatamodel */;
			path = ContactBook.xcdatamodeld;
			sourceTree = "<group>";
			versionGroupType = wrapper.xcdatamodel;
		};
/* End XCVersionGroup section */
	};
	rootObject = 3FEA4A341CABA57800689893 /* Project object */;
}
